
Microsoft Visual Studio Solution File, Format Version 12.00
# Visual Studio Version 17
VisualStudioVersion = 17.11.35312.102
MinimumVisualStudioVersion = 10.0.40219.1
Project("{FAE04EC0-301F-11D3-BF4B-00C04F79EFBC}") = "Programowanie_Obiektowe_zad_2", "Programowanie_Obiektowe_zad_2.csproj", "{8FC0A4F8-945F-4E02-BC11-8A03946495A8}"
EndProject
Global
	GlobalSection(SolutionConfigurationPlatforms) = preSolution
		Debug|Any CPU = Debug|Any CPU
		Release|Any CPU = Release|Any CPU
	EndGlobalSection
	GlobalSection(ProjectConfigurationPlatforms) = postSolution
		{8FC0A4F8-945F-4E02-BC11-8A03946495A8}.Debug|Any CPU.ActiveCfg = Debug|Any CPU
		{8FC0A4F8-945F-4E02-BC11-8A03946495A8}.Debug|Any CPU.Build.0 = Debug|Any CPU
		{8FC0A4F8-945F-4E02-BC11-8A03946495A8}.Release|Any CPU.ActiveCfg = Release|Any CPU
		{8FC0A4F8-945F-4E02-BC11-8A03946495A8}.Release|Any CPU.Build.0 = Release|Any CPU
	EndGlobalSection
	GlobalSection(SolutionProperties) = preSolution
		HideSolutionNode = FALSE
	EndGlobalSection
	GlobalSection(ExtensibilityGlobals) = postSolution
		SolutionGuid = {6DC7B4EE-A1F9-44CF-8D47-82562EDE8738}
	EndGlobalSection
EndGlobal
