
Microsoft Visual Studio Solution File, Format Version 12.00
# Visual Studio Version 17
VisualStudioVersion = 17.11.35312.102
MinimumVisualStudioVersion = 10.0.40219.1
Project("{FAE04EC0-301F-11D3-BF4B-00C04F79EFBC}") = "Dziedziczenie_odtwarzacz_plików_muzycznych", "Dziedziczenie_odtwarzacz_plików_muzycznych.csproj", "{98BE1E00-D137-4D43-A9A7-13B695FC4D64}"
EndProject
Global
	GlobalSection(SolutionConfigurationPlatforms) = preSolution
		Debug|Any CPU = Debug|Any CPU
		Release|Any CPU = Release|Any CPU
	EndGlobalSection
	GlobalSection(ProjectConfigurationPlatforms) = postSolution
		{98BE1E00-D137-4D43-A9A7-13B695FC4D64}.Debug|Any CPU.ActiveCfg = Debug|Any CPU
		{98BE1E00-D137-4D43-A9A7-13B695FC4D64}.Debug|Any CPU.Build.0 = Debug|Any CPU
		{98BE1E00-D137-4D43-A9A7-13B695FC4D64}.Release|Any CPU.ActiveCfg = Release|Any CPU
		{98BE1E00-D137-4D43-A9A7-13B695FC4D64}.Release|Any CPU.Build.0 = Release|Any CPU
	EndGlobalSection
	GlobalSection(SolutionProperties) = preSolution
		HideSolutionNode = FALSE
	EndGlobalSection
	GlobalSection(ExtensibilityGlobals) = postSolution
		SolutionGuid = {CFE3FA03-ECBD-48E5-A81B-8107F06B64F5}
	EndGlobalSection
EndGlobal
